{
  "version": 4,
  "terraform_version": "1.9.6",
  "serial": 2,
  "lineage": "e051800b-3d9c-d39d-3b15-fe1a73857f00",
  "outputs": {
    "name": {
      "value": 252050,
      "type": "number"
    }
  },
  "resources": [
    {
      "mode": "managed",
      "type": "random_integer",
      "name": "rint",
      "provider": "provider[\"registry.terraform.io/hashicorp/random\"]",
      "instances": [
        {
          "schema_version": 0,
          "attributes": {
            "id": "252050",
            "keepers": null,
            "max": 999999,
            "min": 100000,
            "result": 252050,
            "seed": null
          },
          "sensitive_attributes": []
        }
      ]
    }
  ],
  "check_results": null
}
