{
  "version": 4,
  "terraform_version": "1.9.6",
  "serial": 1,
  "lineage": "0eaf4975-8606-eb63-ec84-357996ec3745",
  "outputs": {},
  "resources": [
    {
      "mode": "managed",
      "type": "local_file",
      "name": "cat_res",
      "provider": "provider[\"registry.terraform.io/hashicorp/local\"]",
      "instances": [
        {
          "schema_version": 0,
          "attributes": {
            "content": "I hate cats",
            "content_base64": null,
            "content_base64sha256": "eKQN55VrXOR9FMqxb+SReCrknnmUGENvmwUVznAA0JI=",
            "content_base64sha512": "tcUBMQEgXVjNvsfcykIIV2jgnP4iLy6Ly7j8owZf8dPGV21wyMvSBCp0YUmnw2enx1BMlQ4Lmlkvw20QxX2LOg==",
            "content_md5": "b62875e95853b6129c925351fa79dee5",
            "content_sha1": "7a545387881790c692e544179ca27717f05f473a",
            "content_sha256": "78a40de7956b5ce47d14cab16fe491782ae49e799418436f9b0515ce7000d092",
            "content_sha512": "b5c5013101205d58cdbec7dcca42085768e09cfe222f2e8bcbb8fca3065ff1d3c6576d70c8cbd2042a746149a7c367a7c7504c950e0b9a592fc36d10c57d8b3a",
            "directory_permission": "0777",
            "file_permission": "0777",
            "filename": "cat.txt",
            "id": "7a545387881790c692e544179ca27717f05f473a",
            "sensitive_content": null,
            "source": null
          },
          "sensitive_attributes": [
            [
              {
                "type": "get_attr",
                "value": "sensitive_content"
              }
            ]
          ]
        }
      ]
    },
    {
      "mode": "managed",
      "type": "local_file",
      "name": "dog_res",
      "provider": "provider[\"registry.terraform.io/hashicorp/local\"]",
      "instances": [
        {
          "schema_version": 0,
          "attributes": {
            "content": "I love dogs",
            "content_base64": null,
            "content_base64sha256": "0ivGRsKUXJs//4vjDlYEGHGvXguijA5uzy6CqSdxqqs=",
            "content_base64sha512": "ol760sKcMl+x40Zz499onj3Xe05O1u/lTQBYtwpBDPmWjDmhqP7IpWYN0NFjC/7v+aeAQ5LHq9PpaiQhD7+Yaw==",
            "content_md5": "a7f6bde30206ba75668000f56f0fea9a",
            "content_sha1": "3f3ded393feee092402b829715083249ae6cfb69",
            "content_sha256": "d22bc646c2945c9b3fff8be30e56041871af5e0ba28c0e6ecf2e82a92771aaab",
            "content_sha512": "a25efad2c29c325fb1e34673e3df689e3dd77b4e4ed6efe54d0058b70a410cf9968c39a1a8fec8a5660dd0d1630bfeeff9a7804392c7abd3e96a24210fbf986b",
            "directory_permission": "0777",
            "file_permission": "0777",
            "filename": "dog.txt",
            "id": "3f3ded393feee092402b829715083249ae6cfb69",
            "sensitive_content": null,
            "source": null
          },
          "sensitive_attributes": [
            [
              {
                "type": "get_attr",
                "value": "sensitive_content"
              }
            ]
          ]
        }
      ]
    }
  ],
  "check_results": null
}
