{
  "version": 4,
  "terraform_version": "1.9.6",
  "serial": 1,
  "lineage": "1adcfe27-663f-7e6f-d967-9dc310ef6bb2",
  "outputs": {},
  "resources": [
    {
      "mode": "managed",
      "type": "local_file",
      "name": "var_string",
      "provider": "provider[\"registry.terraform.io/hashicorp/local\"]",
      "instances": [
        {
          "schema_version": 0,
          "attributes": {
            "content": "Parth",
            "content_base64": null,
            "content_base64sha256": "TsGnYoLk+JqAm5DOqD71CaXtqNjRKIGZBadFmDCi6+U=",
            "content_base64sha512": "2Z9Q00G4o/RSQ5ZWCoSXfkyJfmyF1pIV4Hrj+mfppRVWSw1jsXt8+fNT/uCEAJl17/5+tCoWd659wPPqqSifZw==",
            "content_md5": "289ef0d3bf0000d61070fe468c8c8195",
            "content_sha1": "3c5b5d766b80115f9ecfbe14760a570bb91773ba",
            "content_sha256": "4ec1a76282e4f89a809b90cea83ef509a5eda8d8d128819905a7459830a2ebe5",
            "content_sha512": "d99f50d341b8a3f4524396560a84977e4c897e6c85d69215e07ae3fa67e9a515564b0d63b17b7cf9f353fee084009975effe7eb42a1677ae7dc0f3eaa9289f67",
            "directory_permission": "0777",
            "file_permission": "0777",
            "filename": "sample.txt",
            "id": "3c5b5d766b80115f9ecfbe14760a570bb91773ba",
            "sensitive_content": null,
            "source": null
          },
          "sensitive_attributes": [
            [
              {
                "type": "get_attr",
                "value": "sensitive_content"
              }
            ]
          ]
        }
      ]
    }
  ],
  "check_results": null
}
