{
  "version": 4,
  "terraform_version": "1.9.6",
  "serial": 10,
  "lineage": "362d8c74-6fc3-0309-21e9-29617e3c93c0",
  "outputs": {},
  "resources": [
    {
      "mode": "managed",
      "type": "local_file",
      "name": "var_string",
      "provider": "provider[\"registry.terraform.io/hashicorp/local\"]",
      "instances": [
        {
          "schema_version": 0,
          "attributes": {
            "content": "true",
            "content_base64": null,
            "content_base64sha256": "tb6kG2xiP3wJ8b8k3K5Y66s8DN2QrZZrxDpFtEhn4Ss=",
            "content_base64sha512": "kSDNX67wegjpcf8CSj/L6h46a0QUKm2CyijGxC5PhSWVvPU9gdd28QVBBFq9t8N5UGKUFdDcZsjYbGSlYG0y3g==",
            "content_md5": "b326b5062b2f0e69046810717534cb09",
            "content_sha1": "5ffe533b830f08a0326348a9160afafc8ada44db",
            "content_sha256": "b5bea41b6c623f7c09f1bf24dcae58ebab3c0cdd90ad966bc43a45b44867e12b",
            "content_sha512": "9120cd5faef07a08e971ff024a3fcbea1e3a6b44142a6d82ca28c6c42e4f852595bcf53d81d776f10541045abdb7c37950629415d0dc66c8d86c64a5606d32de",
            "directory_permission": "0777",
            "file_permission": "0777",
            "filename": "sample.txt",
            "id": "5ffe533b830f08a0326348a9160afafc8ada44db",
            "sensitive_content": null,
            "source": null
          },
          "sensitive_attributes": [
            [
              {
                "type": "get_attr",
                "value": "sensitive_content"
              }
            ]
          ]
        }
      ]
    }
  ],
  "check_results": null
}
